
Microsoft Visual Studio Solution File, Format Version 12.00
# Visual Studio Version 17
VisualStudioVersion = 17.0.31903.59
MinimumVisualStudioVersion = 10.0.40219.1
Project("{FAE04EC0-301F-11D3-BF4B-00C04F79EFBC}") = "Frank.Networking", "Frank.Networking\Frank.Networking.csproj", "{8B07861D-3B05-4895-8FE6-1B2628A7C975}"
EndProject
Project("{FAE04EC0-301F-11D3-BF4B-00C04F79EFBC}") = "Frank.Networking.Application", "Frank.Networking.Application\Frank.Networking.Application.csproj", "{0112138E-41D1-41FD-A56F-49380541F121}"
EndProject
Project("{FAE04EC0-301F-11D3-BF4B-00C04F79EFBC}") = "Frank.Networking.Irc", "Frank.Networking.Irc\Frank.Networking.Irc.csproj", "{3725E1DA-27E8-4CAF-B3E3-8423690E17C0}"
EndProject
Project("{FAE04EC0-301F-11D3-BF4B-00C04F79EFBC}") = "Frank.Networking.Tests", "Frank.Networking.Tests\Frank.Networking.Tests.csproj", "{3436AC74-97EE-462E-9DA3-E8CE4F307EE3}"
EndProject
Project("{FAE04EC0-301F-11D3-BF4B-00C04F79EFBC}") = "Frank.Networking.Legacy", "Frank.Networking.Legacy\Frank.Networking.Legacy.csproj", "{9938AADE-90D3-4388-A4BC-66D4DDE69F43}"
EndProject
Global
	GlobalSection(SolutionConfigurationPlatforms) = preSolution
		Debug|Any CPU = Debug|Any CPU
		Release|Any CPU = Release|Any CPU
	EndGlobalSection
	GlobalSection(SolutionProperties) = preSolution
		HideSolutionNode = FALSE
	EndGlobalSection
	GlobalSection(ProjectConfigurationPlatforms) = postSolution
		{8B07861D-3B05-4895-8FE6-1B2628A7C975}.Debug|Any CPU.ActiveCfg = Debug|Any CPU
		{8B07861D-3B05-4895-8FE6-1B2628A7C975}.Debug|Any CPU.Build.0 = Debug|Any CPU
		{8B07861D-3B05-4895-8FE6-1B2628A7C975}.Release|Any CPU.ActiveCfg = Release|Any CPU
		{8B07861D-3B05-4895-8FE6-1B2628A7C975}.Release|Any CPU.Build.0 = Release|Any CPU
		{0112138E-41D1-41FD-A56F-49380541F121}.Debug|Any CPU.ActiveCfg = Debug|Any CPU
		{0112138E-41D1-41FD-A56F-49380541F121}.Debug|Any CPU.Build.0 = Debug|Any CPU
		{0112138E-41D1-41FD-A56F-49380541F121}.Release|Any CPU.ActiveCfg = Release|Any CPU
		{0112138E-41D1-41FD-A56F-49380541F121}.Release|Any CPU.Build.0 = Release|Any CPU
		{3725E1DA-27E8-4CAF-B3E3-8423690E17C0}.Debug|Any CPU.ActiveCfg = Debug|Any CPU
		{3725E1DA-27E8-4CAF-B3E3-8423690E17C0}.Debug|Any CPU.Build.0 = Debug|Any CPU
		{3725E1DA-27E8-4CAF-B3E3-8423690E17C0}.Release|Any CPU.ActiveCfg = Release|Any CPU
		{3725E1DA-27E8-4CAF-B3E3-8423690E17C0}.Release|Any CPU.Build.0 = Release|Any CPU
		{3436AC74-97EE-462E-9DA3-E8CE4F307EE3}.Debug|Any CPU.ActiveCfg = Debug|Any CPU
		{3436AC74-97EE-462E-9DA3-E8CE4F307EE3}.Debug|Any CPU.Build.0 = Debug|Any CPU
		{3436AC74-97EE-462E-9DA3-E8CE4F307EE3}.Release|Any CPU.ActiveCfg = Release|Any CPU
		{3436AC74-97EE-462E-9DA3-E8CE4F307EE3}.Release|Any CPU.Build.0 = Release|Any CPU
		{9938AADE-90D3-4388-A4BC-66D4DDE69F43}.Debug|Any CPU.ActiveCfg = Debug|Any CPU
		{9938AADE-90D3-4388-A4BC-66D4DDE69F43}.Debug|Any CPU.Build.0 = Debug|Any CPU
		{9938AADE-90D3-4388-A4BC-66D4DDE69F43}.Release|Any CPU.ActiveCfg = Release|Any CPU
		{9938AADE-90D3-4388-A4BC-66D4DDE69F43}.Release|Any CPU.Build.0 = Release|Any CPU
	EndGlobalSection
EndGlobal
